
Microsoft Visual Studio Solution File, Format Version 12.00
# Visual Studio Version 17
VisualStudioVersion = 17.0.32112.339
MinimumVisualStudioVersion = 10.0.40219.1
Project("{FAE04EC0-301F-11D3-BF4B-00C04F79EFBC}") = "Sara", "Sara\Sara.csproj", "{D9C200FE-B11E-469F-A206-7465A6B00375}"
EndProject
Global
	GlobalSection(SolutionConfigurationPlatforms) = preSolution
		Debug|Any CPU = Debug|Any CPU
		Release|Any CPU = Release|Any CPU
	EndGlobalSection
	GlobalSection(ProjectConfigurationPlatforms) = postSolution
		{D9C200FE-B11E-469F-A206-7465A6B00375}.Debug|Any CPU.ActiveCfg = Debug|Any CPU
		{D9C200FE-B11E-469F-A206-7465A6B00375}.Debug|Any CPU.Build.0 = Debug|Any CPU
		{D9C200FE-B11E-469F-A206-7465A6B00375}.Release|Any CPU.ActiveCfg = Release|Any CPU
		{D9C200FE-B11E-469F-A206-7465A6B00375}.Release|Any CPU.Build.0 = Release|Any CPU
	EndGlobalSection
	GlobalSection(SolutionProperties) = preSolution
		HideSolutionNode = FALSE
	EndGlobalSection
	GlobalSection(ExtensibilityGlobals) = postSolution
		SolutionGuid = {5ED04E42-D0BE-4205-B1D0-177E2D671D7B}
	EndGlobalSection
EndGlobal
